
Microsoft Visual Studio Solution File, Format Version 12.00
# Visual Studio 15
VisualStudioVersion = 15.0.26730.16
MinimumVisualStudioVersion = 10.0.40219.1
Project("{2150E333-8FDC-42A3-9474-1A3956D46DE8}") = "Solution Items", "Solution Items", "{E24B9156-09BF-4F49-9E96-0B051CFD92A2}"
	ProjectSection(SolutionItems) = preProject
		LICENSE.txt = LICENSE.txt
		readme.md = readme.md
	EndProjectSection
EndProject
Project("{9A19103F-16F7-4668-BE54-9A1E7A4F7556}") = "IntNovAction.Utils.ExcelExporter", "IntNovAction.Utils.ExcelExporter.Std\IntNovAction.Utils.ExcelExporter.csproj", "{E395F576-B048-4D36-9D83-16B203A0C3A3}"
EndProject
Project("{9A19103F-16F7-4668-BE54-9A1E7A4F7556}") = "IntNovAction.Utils.ExcelExporterTests", "IntNovAction.Utils.ExcelExporterTests.Std\IntNovAction.Utils.ExcelExporterTests.csproj", "{1DF77904-0DF0-42EF-90B5-8FBF29F0BF99}"
EndProject
Global
	GlobalSection(SolutionConfigurationPlatforms) = preSolution
		Debug|Any CPU = Debug|Any CPU
		Release|Any CPU = Release|Any CPU
	EndGlobalSection
	GlobalSection(ProjectConfigurationPlatforms) = postSolution
		{E395F576-B048-4D36-9D83-16B203A0C3A3}.Debug|Any CPU.ActiveCfg = Debug|Any CPU
		{E395F576-B048-4D36-9D83-16B203A0C3A3}.Debug|Any CPU.Build.0 = Debug|Any CPU
		{E395F576-B048-4D36-9D83-16B203A0C3A3}.Release|Any CPU.ActiveCfg = Release|Any CPU
		{E395F576-B048-4D36-9D83-16B203A0C3A3}.Release|Any CPU.Build.0 = Release|Any CPU
		{1DF77904-0DF0-42EF-90B5-8FBF29F0BF99}.Debug|Any CPU.ActiveCfg = Debug|Any CPU
		{1DF77904-0DF0-42EF-90B5-8FBF29F0BF99}.Debug|Any CPU.Build.0 = Debug|Any CPU
		{1DF77904-0DF0-42EF-90B5-8FBF29F0BF99}.Release|Any CPU.ActiveCfg = Release|Any CPU
		{1DF77904-0DF0-42EF-90B5-8FBF29F0BF99}.Release|Any CPU.Build.0 = Release|Any CPU
	EndGlobalSection
	GlobalSection(SolutionProperties) = preSolution
		HideSolutionNode = FALSE
	EndGlobalSection
	GlobalSection(ExtensibilityGlobals) = postSolution
		SolutionGuid = {CDF05AA4-8042-4B95-8623-3DCD9BD11F67}
	EndGlobalSection
EndGlobal
